
Microsoft Visual Studio Solution File, Format Version 12.00
# Visual Studio 2013
VisualStudioVersion = 12.0.31101.0
MinimumVisualStudioVersion = 10.0.40219.1
Project("{FAE04EC0-301F-11D3-BF4B-00C04F79EFBC}") = "BridgeitServer", "BridgeitServer\BridgeitServer.csproj", "{3B8263FD-A79E-40F0-8A0D-B28BD961CFCD}"
EndProject
Project("{FAE04EC0-301F-11D3-BF4B-00C04F79EFBC}") = "BridgeitClient", "BridgeitClient\BridgeitClient.csproj", "{B6022692-927A-4D99-90AE-1E82E9D2D2D7}"
EndProject
Project("{FAE04EC0-301F-11D3-BF4B-00C04F79EFBC}") = "BridgeitTest", "BridgeitTest\BridgeitTest.csproj", "{C13F1D7D-D6D9-406A-8899-BDE5BEECADB4}"
EndProject
Global
	GlobalSection(SolutionConfigurationPlatforms) = preSolution
		Debug|Any CPU = Debug|Any CPU
		Release|Any CPU = Release|Any CPU
	EndGlobalSection
	GlobalSection(ProjectConfigurationPlatforms) = postSolution
		{3B8263FD-A79E-40F0-8A0D-B28BD961CFCD}.Debug|Any CPU.ActiveCfg = Debug|Any CPU
		{3B8263FD-A79E-40F0-8A0D-B28BD961CFCD}.Debug|Any CPU.Build.0 = Debug|Any CPU
		{3B8263FD-A79E-40F0-8A0D-B28BD961CFCD}.Release|Any CPU.ActiveCfg = Release|Any CPU
		{3B8263FD-A79E-40F0-8A0D-B28BD961CFCD}.Release|Any CPU.Build.0 = Release|Any CPU
		{B6022692-927A-4D99-90AE-1E82E9D2D2D7}.Debug|Any CPU.ActiveCfg = Debug|Any CPU
		{B6022692-927A-4D99-90AE-1E82E9D2D2D7}.Debug|Any CPU.Build.0 = Debug|Any CPU
		{B6022692-927A-4D99-90AE-1E82E9D2D2D7}.Release|Any CPU.ActiveCfg = Release|Any CPU
		{B6022692-927A-4D99-90AE-1E82E9D2D2D7}.Release|Any CPU.Build.0 = Release|Any CPU
		{C13F1D7D-D6D9-406A-8899-BDE5BEECADB4}.Debug|Any CPU.ActiveCfg = Debug|Any CPU
		{C13F1D7D-D6D9-406A-8899-BDE5BEECADB4}.Debug|Any CPU.Build.0 = Debug|Any CPU
		{C13F1D7D-D6D9-406A-8899-BDE5BEECADB4}.Release|Any CPU.ActiveCfg = Release|Any CPU
		{C13F1D7D-D6D9-406A-8899-BDE5BEECADB4}.Release|Any CPU.Build.0 = Release|Any CPU
	EndGlobalSection
	GlobalSection(SolutionProperties) = preSolution
		HideSolutionNode = FALSE
	EndGlobalSection
EndGlobal
